
Microsoft Visual Studio Solution File, Format Version 12.00
Project("{FAE04EC0-301F-11D3-BF4B-00C04F79EFBC}") = "AppReleases.Api", "AppReleases.Api\AppReleases.Api.csproj", "{FE259E49-5579-4C13-AB11-F8724D79D194}"
EndProject
Project("{FAE04EC0-301F-11D3-BF4B-00C04F79EFBC}") = "AppReleases.Core", "AppReleases.Core\AppReleases.Core.csproj", "{8CFF62A4-D4B1-4D3D-8147-071B9AEF018D}"
EndProject
Project("{FAE04EC0-301F-11D3-BF4B-00C04F79EFBC}") = "AppReleases.DataAccess", "AppReleases.DataAccess\AppReleases.DataAccess.csproj", "{E71EDD3B-854F-4EC9-BECA-76891ECAFD30}"
EndProject
Project("{FAE04EC0-301F-11D3-BF4B-00C04F79EFBC}") = "AppReleases.Application", "AppReleases.Application\AppReleases.Application.csproj", "{4DAB2BC1-DAD7-4D02-9FEE-3F78014406EF}"
EndProject
Global
	GlobalSection(SolutionConfigurationPlatforms) = preSolution
		Debug|Any CPU = Debug|Any CPU
		Release|Any CPU = Release|Any CPU
	EndGlobalSection
	GlobalSection(ProjectConfigurationPlatforms) = postSolution
		{FE259E49-5579-4C13-AB11-F8724D79D194}.Debug|Any CPU.ActiveCfg = Debug|Any CPU
		{FE259E49-5579-4C13-AB11-F8724D79D194}.Debug|Any CPU.Build.0 = Debug|Any CPU
		{FE259E49-5579-4C13-AB11-F8724D79D194}.Release|Any CPU.ActiveCfg = Release|Any CPU
		{FE259E49-5579-4C13-AB11-F8724D79D194}.Release|Any CPU.Build.0 = Release|Any CPU
		{8CFF62A4-D4B1-4D3D-8147-071B9AEF018D}.Debug|Any CPU.ActiveCfg = Debug|Any CPU
		{8CFF62A4-D4B1-4D3D-8147-071B9AEF018D}.Debug|Any CPU.Build.0 = Debug|Any CPU
		{8CFF62A4-D4B1-4D3D-8147-071B9AEF018D}.Release|Any CPU.ActiveCfg = Release|Any CPU
		{8CFF62A4-D4B1-4D3D-8147-071B9AEF018D}.Release|Any CPU.Build.0 = Release|Any CPU
		{E71EDD3B-854F-4EC9-BECA-76891ECAFD30}.Debug|Any CPU.ActiveCfg = Debug|Any CPU
		{E71EDD3B-854F-4EC9-BECA-76891ECAFD30}.Debug|Any CPU.Build.0 = Debug|Any CPU
		{E71EDD3B-854F-4EC9-BECA-76891ECAFD30}.Release|Any CPU.ActiveCfg = Release|Any CPU
		{E71EDD3B-854F-4EC9-BECA-76891ECAFD30}.Release|Any CPU.Build.0 = Release|Any CPU
		{4DAB2BC1-DAD7-4D02-9FEE-3F78014406EF}.Debug|Any CPU.ActiveCfg = Debug|Any CPU
		{4DAB2BC1-DAD7-4D02-9FEE-3F78014406EF}.Debug|Any CPU.Build.0 = Debug|Any CPU
		{4DAB2BC1-DAD7-4D02-9FEE-3F78014406EF}.Release|Any CPU.ActiveCfg = Release|Any CPU
		{4DAB2BC1-DAD7-4D02-9FEE-3F78014406EF}.Release|Any CPU.Build.0 = Release|Any CPU
	EndGlobalSection
EndGlobal
