
Microsoft Visual Studio Solution File, Format Version 12.00
Project("{FAE04EC0-301F-11D3-BF4B-00C04F79EFBC}") = "AppReleases.Api", "AppReleases.Api\AppReleases.Api.csproj", "{FE259E49-5579-4C13-AB11-F8724D79D194}"
EndProject
Project("{FAE04EC0-301F-11D3-BF4B-00C04F79EFBC}") = "AppReleases.Core", "AppReleases.Core\AppReleases.Core.csproj", "{8CFF62A4-D4B1-4D3D-8147-071B9AEF018D}"
EndProject
Project("{FAE04EC0-301F-11D3-BF4B-00C04F79EFBC}") = "AppReleases.DataAccess", "AppReleases.DataAccess\AppReleases.DataAccess.csproj", "{E71EDD3B-854F-4EC9-BECA-76891ECAFD30}"
EndProject
Project("{FAE04EC0-301F-11D3-BF4B-00C04F79EFBC}") = "AppReleases.Application", "AppReleases.Application\AppReleases.Application.csproj", "{4DAB2BC1-DAD7-4D02-9FEE-3F78014406EF}"
EndProject
Project("{FAE04EC0-301F-11D3-BF4B-00C04F79EFBC}") = "AppReleases.S3", "AppReleases.S3\AppReleases.S3.csproj", "{FD4A333E-3B59-40BE-AEF9-8A3F524B0ADA}"
EndProject
Project("{FAE04EC0-301F-11D3-BF4B-00C04F79EFBC}") = "AppReleases.Cli", "AppReleases.Cli\AppReleases.Cli.csproj", "{6A32FAF4-9483-4DD1-BF9A-373409D8F323}"
EndProject
Project("{FAE04EC0-301F-11D3-BF4B-00C04F79EFBC}") = "AppReleases.Models", "AppReleases.Models\AppReleases.Models.csproj", "{81E8AF30-4818-475F-B01B-6B1419B8A084}"
EndProject
Project("{2150E333-8FDC-42A3-9474-1A3956D46DE8}") = "Installers", "Installers", "{519E088A-15A2-4CF1-9978-270C68A785E6}"
EndProject
Project("{FAE04EC0-301F-11D3-BF4B-00C04F79EFBC}") = "AppReleases.Installers.Zip", "AppReleases.Installers.Zip\AppReleases.Installers.Zip.csproj", "{D0EFF054-DC79-4FDE-B2AE-20CDAD81249E}"
EndProject
Global
	GlobalSection(SolutionConfigurationPlatforms) = preSolution
		Debug|Any CPU = Debug|Any CPU
		Release|Any CPU = Release|Any CPU
	EndGlobalSection
	GlobalSection(ProjectConfigurationPlatforms) = postSolution
		{FE259E49-5579-4C13-AB11-F8724D79D194}.Debug|Any CPU.ActiveCfg = Debug|Any CPU
		{FE259E49-5579-4C13-AB11-F8724D79D194}.Debug|Any CPU.Build.0 = Debug|Any CPU
		{FE259E49-5579-4C13-AB11-F8724D79D194}.Release|Any CPU.ActiveCfg = Release|Any CPU
		{FE259E49-5579-4C13-AB11-F8724D79D194}.Release|Any CPU.Build.0 = Release|Any CPU
		{8CFF62A4-D4B1-4D3D-8147-071B9AEF018D}.Debug|Any CPU.ActiveCfg = Debug|Any CPU
		{8CFF62A4-D4B1-4D3D-8147-071B9AEF018D}.Debug|Any CPU.Build.0 = Debug|Any CPU
		{8CFF62A4-D4B1-4D3D-8147-071B9AEF018D}.Release|Any CPU.ActiveCfg = Release|Any CPU
		{8CFF62A4-D4B1-4D3D-8147-071B9AEF018D}.Release|Any CPU.Build.0 = Release|Any CPU
		{E71EDD3B-854F-4EC9-BECA-76891ECAFD30}.Debug|Any CPU.ActiveCfg = Debug|Any CPU
		{E71EDD3B-854F-4EC9-BECA-76891ECAFD30}.Debug|Any CPU.Build.0 = Debug|Any CPU
		{E71EDD3B-854F-4EC9-BECA-76891ECAFD30}.Release|Any CPU.ActiveCfg = Release|Any CPU
		{E71EDD3B-854F-4EC9-BECA-76891ECAFD30}.Release|Any CPU.Build.0 = Release|Any CPU
		{4DAB2BC1-DAD7-4D02-9FEE-3F78014406EF}.Debug|Any CPU.ActiveCfg = Debug|Any CPU
		{4DAB2BC1-DAD7-4D02-9FEE-3F78014406EF}.Debug|Any CPU.Build.0 = Debug|Any CPU
		{4DAB2BC1-DAD7-4D02-9FEE-3F78014406EF}.Release|Any CPU.ActiveCfg = Release|Any CPU
		{4DAB2BC1-DAD7-4D02-9FEE-3F78014406EF}.Release|Any CPU.Build.0 = Release|Any CPU
		{FD4A333E-3B59-40BE-AEF9-8A3F524B0ADA}.Debug|Any CPU.ActiveCfg = Debug|Any CPU
		{FD4A333E-3B59-40BE-AEF9-8A3F524B0ADA}.Debug|Any CPU.Build.0 = Debug|Any CPU
		{FD4A333E-3B59-40BE-AEF9-8A3F524B0ADA}.Release|Any CPU.ActiveCfg = Release|Any CPU
		{FD4A333E-3B59-40BE-AEF9-8A3F524B0ADA}.Release|Any CPU.Build.0 = Release|Any CPU
		{6A32FAF4-9483-4DD1-BF9A-373409D8F323}.Debug|Any CPU.ActiveCfg = Debug|Any CPU
		{6A32FAF4-9483-4DD1-BF9A-373409D8F323}.Debug|Any CPU.Build.0 = Debug|Any CPU
		{6A32FAF4-9483-4DD1-BF9A-373409D8F323}.Release|Any CPU.ActiveCfg = Release|Any CPU
		{6A32FAF4-9483-4DD1-BF9A-373409D8F323}.Release|Any CPU.Build.0 = Release|Any CPU
		{81E8AF30-4818-475F-B01B-6B1419B8A084}.Debug|Any CPU.ActiveCfg = Debug|Any CPU
		{81E8AF30-4818-475F-B01B-6B1419B8A084}.Debug|Any CPU.Build.0 = Debug|Any CPU
		{81E8AF30-4818-475F-B01B-6B1419B8A084}.Release|Any CPU.ActiveCfg = Release|Any CPU
		{81E8AF30-4818-475F-B01B-6B1419B8A084}.Release|Any CPU.Build.0 = Release|Any CPU
		{D0EFF054-DC79-4FDE-B2AE-20CDAD81249E}.Debug|Any CPU.ActiveCfg = Debug|Any CPU
		{D0EFF054-DC79-4FDE-B2AE-20CDAD81249E}.Debug|Any CPU.Build.0 = Debug|Any CPU
		{D0EFF054-DC79-4FDE-B2AE-20CDAD81249E}.Release|Any CPU.ActiveCfg = Release|Any CPU
		{D0EFF054-DC79-4FDE-B2AE-20CDAD81249E}.Release|Any CPU.Build.0 = Release|Any CPU
	EndGlobalSection
	GlobalSection(NestedProjects) = preSolution
		{D0EFF054-DC79-4FDE-B2AE-20CDAD81249E} = {519E088A-15A2-4CF1-9978-270C68A785E6}
	EndGlobalSection
EndGlobal
